PODS:
  - Alamofire (5.6.2)
  - KeychainAccess (4.2.2)
  - RxAlamofire (6.1.1):
    - RxAlamofire/Core (= 6.1.1)
  - RxAlamofire/Core (6.1.1):
    - Alamofire (~> 5.4)
    - RxSwift (~> 6.0)
  - RxSwift (6.5.0)

DEPENDENCIES:
  - KeychainAccess
  - RxAlamofire
  - RxSwift

SPEC REPOS:
  trunk:
    - Alamofire
    - KeychainAccess
    - RxAlamofire
    - RxSwift

SPEC CHECKSUMS:
  Alamofire: d368e1ff8a298e6dde360e35a3e68e6c610e7204
  KeychainAccess: c0c4f7f38f6fc7bbe58f5702e25f7bd2f65abf51
  RxAlamofire: beb75a1c452d0de225651db4903f5d29d034a620
  RxSwift: 5710a9e6b17f3c3d6e40d6e559b9fa1e813b2ef8

PODFILE CHECKSUM: 0cfa072be32b780a5bb289cca20088fc52d041c9

COCOAPODS: 1.11.3
